// !$*UTF8*$!
{
	archiveVersion = 1;
	classes = {
	};
	objectVersion = 46;
	objects = {

/* Begin PBXBuildFile section */
		679241F87CA4405E83424918 /* libPods-Places.a in Frameworks */ = {isa = PBXBuildFile; fileRef = B14D2510F5C344D19157C783 /* libPods-Places.a */; };
		7E42B24C190C6A6C00F9A21E /* PLCCalloutTransitionAnimator.m in Sources */ = {isa = PBXBuildFile; fileRef = 7E42B24B190C6A6C00F9A21E /* PLCCalloutTransitionAnimator.m */; };
		7E54FE5E18FF9392002E2AFC /* InfoPlist.strings in Resources */ = {isa = PBXBuildFile; fileRef = 7E54FE5C18FF9392002E2AFC /* InfoPlist.strings */; };
		7E54FE6018FF9392002E2AFC /* main.m in Sources */ = {isa = PBXBuildFile; fileRef = 7E54FE5F18FF9392002E2AFC /* main.m */; };
		7E54FE6418FF9392002E2AFC /* PLCAppDelegate.m in Sources */ = {isa = PBXBuildFile; fileRef = 7E54FE6318FF9392002E2AFC /* PLCAppDelegate.m */; };
		7E54FE6618FF9392002E2AFC /* Images.xcassets in Resources */ = {isa = PBXBuildFile; fileRef = 7E54FE6518FF9392002E2AFC /* Images.xcassets */; };
		7E54FE7718FF9392002E2AFC /* InfoPlist.strings in Resources */ = {isa = PBXBuildFile; fileRef = 7E54FE7518FF9392002E2AFC /* InfoPlist.strings */; };
		7E54FE8618FF9450002E2AFC /* Places.xcdatamodeld in Sources */ = {isa = PBXBuildFile; fileRef = 7E54FE8418FF9450002E2AFC /* Places.xcdatamodeld */; };
		7E54FE9118FF9854002E2AFC /* _PLCPlace.m in Sources */ = {isa = PBXBuildFile; fileRef = 7E54FE9018FF9854002E2AFC /* _PLCPlace.m */; };
		7E54FE9418FF985A002E2AFC /* PLCPlace.m in Sources */ = {isa = PBXBuildFile; fileRef = 7E54FE9318FF985A002E2AFC /* PLCPlace.m */; };
		7E54FE9B18FF9BC8002E2AFC /* PLCMapViewController.m in Sources */ = {isa = PBXBuildFile; fileRef = 7E54FE9A18FF9BC8002E2AFC /* PLCMapViewController.m */; };
		7E54FE9E18FF9E4C002E2AFC /* PLCDatabaseTests.m in Sources */ = {isa = PBXBuildFile; fileRef = 7E54FE9D18FF9E4C002E2AFC /* PLCDatabaseTests.m */; };
		7E54FE9F18FF9FA5002E2AFC /* Places.xcdatamodeld in Resources */ = {isa = PBXBuildFile; fileRef = 7E54FE8418FF9450002E2AFC /* Places.xcdatamodeld */; };
		7E54FEA118FFA0E7002E2AFC /* Places_phone.storyboard in Resources */ = {isa = PBXBuildFile; fileRef = 7E54FEA018FFA0E7002E2AFC /* Places_phone.storyboard */; };
		7E54FEA318FFA0F3002E2AFC /* Places_pad.storyboard in Resources */ = {isa = PBXBuildFile; fileRef = 7E54FEA218FFA0F3002E2AFC /* Places_pad.storyboard */; };
		7E54FEA818FFA3EE002E2AFC /* MapKit.framework in Frameworks */ = {isa = PBXBuildFile; fileRef = 7E54FEA718FFA3EE002E2AFC /* MapKit.framework */; };
		7E54FEAF18FFA94B002E2AFC /* PLCDatabase.m in Sources */ = {isa = PBXBuildFile; fileRef = 7E54FEAC18FFA94B002E2AFC /* PLCDatabase.m */; };
		7E54FEB018FFA94B002E2AFC /* PLCManagedObject.m in Sources */ = {isa = PBXBuildFile; fileRef = 7E54FEAE18FFA94B002E2AFC /* PLCManagedObject.m */; };
		7EFFFB27190D64A900007FAF /* PLCCalloutTransitionContext.m in Sources */ = {isa = PBXBuildFile; fileRef = 7EFFFB26190D64A900007FAF /* PLCCalloutTransitionContext.m */; };
		A062BA0E19122FD9002F0C2E /* Glyphish.xcassets in Resources */ = {isa = PBXBuildFile; fileRef = A062BA0D19122FD9002F0C2E /* Glyphish.xcassets */; };
		A062BA12191230B2002F0C2E /* PLCTemplateImageView.m in Sources */ = {isa = PBXBuildFile; fileRef = A062BA11191230B2002F0C2E /* PLCTemplateImageView.m */; };
		A062BA15191233A1002F0C2E /* PLCTemplateButton.m in Sources */ = {isa = PBXBuildFile; fileRef = A062BA14191233A1002F0C2E /* PLCTemplateButton.m */; };
		A0AEC2E5190CC482006D20DE /* _PLCPhoto.m in Sources */ = {isa = PBXBuildFile; fileRef = A0AEC2E4190CC482006D20DE /* _PLCPhoto.m */; };
		A0AEC2E8190CC48D006D20DE /* PLCPhoto.m in Sources */ = {isa = PBXBuildFile; fileRef = A0AEC2E7190CC48D006D20DE /* PLCPhoto.m */; };
		A0AEC2EB190CC4CE006D20DE /* PLCPhotoStore.m in Sources */ = {isa = PBXBuildFile; fileRef = A0AEC2EA190CC4CE006D20DE /* PLCPhotoStore.m */; };
		A0F0531E19025E6300BD610C /* PLCCalloutViewController.m in Sources */ = {isa = PBXBuildFile; fileRef = A0F0531D19025E6300BD610C /* PLCCalloutViewController.m */; };
		A0F053211903085800BD610C /* PLCMapView.m in Sources */ = {isa = PBXBuildFile; fileRef = A0F053201903085800BD610C /* PLCMapView.m */; };
		A0FAFD2319008E60001A364D /* PLCPlaceStore.m in Sources */ = {isa = PBXBuildFile; fileRef = A0FAFD2219008E60001A364D /* PLCPlaceStore.m */; };
		A0FAFD261901EEDC001A364D /* PLCPinAnnotationView.m in Sources */ = {isa = PBXBuildFile; fileRef = A0FAFD251901EEDC001A364D /* PLCPinAnnotationView.m */; };
		A0FAFD2A190236DD001A364D /* PLCShowPlaceViewController.m in Sources */ = {isa = PBXBuildFile; fileRef = A0FAFD29190236DD001A364D /* PLCShowPlaceViewController.m */; };
		A0FAFD2D1902404D001A364D /* PLCCalloutView.m in Sources */ = {isa = PBXBuildFile; fileRef = A0FAFD2C1902404D001A364D /* PLCCalloutView.m */; };
		A0FAFD3019025820001A364D /* PLCEditPlaceViewController.m in Sources */ = {isa = PBXBuildFile; fileRef = A0FAFD2F19025820001A364D /* PLCEditPlaceViewController.m */; };
/* End PBXBuildFile section */

/* Begin PBXContainerItemProxy section */
		7E54FE7018FF9392002E2AFC /* PBXContainerItemProxy */ = {
			isa = PBXContainerItemProxy;
			containerPortal = 7E54FE4818FF9392002E2AFC /* Project object */;
			proxyType = 1;
			remoteGlobalIDString = 7E54FE4F18FF9392002E2AFC;
			remoteInfo = Places;
		};
/* End PBXContainerItemProxy section */

/* Begin PBXFileReference section */
		7E42B24A190C6A6C00F9A21E /* PLCCalloutTransitionAnimator.h */ = {isa = PBXFileReference; fileEncoding = 4; lastKnownFileType = sourcecode.c.h; path = PLCCalloutTransitionAnimator.h; sourceTree = "<group>"; };
		7E42B24B190C6A6C00F9A21E /* PLCCalloutTransitionAnimator.m */ = {isa = PBXFileReference; fileEncoding = 4; lastKnownFileType = sourcecode.c.objc; path = PLCCalloutTransitionAnimator.m; sourceTree = "<group>"; };
		7E54FE5018FF9392002E2AFC /* Places.app */ = {isa = PBXFileReference; explicitFileType = wrapper.application; includeInIndex = 0; path = Places.app; sourceTree = BUILT_PRODUCTS_DIR; };
		7E54FE5B18FF9392002E2AFC /* Places-Info.plist */ = {isa = PBXFileReference; lastKnownFileType = text.plist.xml; path = "Places-Info.plist"; sourceTree = "<group>"; };
		7E54FE5D18FF9392002E2AFC /* en */ = {isa = PBXFileReference; lastKnownFileType = text.plist.strings; name = en; path = en.lproj/InfoPlist.strings; sourceTree = "<group>"; };
		7E54FE5F18FF9392002E2AFC /* main.m */ = {isa = PBXFileReference; lastKnownFileType = sourcecode.c.objc; path = main.m; sourceTree = "<group>"; };
		7E54FE6118FF9392002E2AFC /* Places-Prefix.pch */ = {isa = PBXFileReference; lastKnownFileType = sourcecode.c.h; path = "Places-Prefix.pch"; sourceTree = "<group>"; };
		7E54FE6218FF9392002E2AFC /* PLCAppDelegate.h */ = {isa = PBXFileReference; lastKnownFileType = sourcecode.c.h; path = PLCAppDelegate.h; sourceTree = "<group>"; };
		7E54FE6318FF9392002E2AFC /* PLCAppDelegate.m */ = {isa = PBXFileReference; lastKnownFileType = sourcecode.c.objc; path = PLCAppDelegate.m; sourceTree = "<group>"; };
		7E54FE6518FF9392002E2AFC /* Images.xcassets */ = {isa = PBXFileReference; lastKnownFileType = folder.assetcatalog; path = Images.xcassets; sourceTree = "<group>"; };
		7E54FE6B18FF9392002E2AFC /* PlacesTests.xctest */ = {isa = PBXFileReference; explicitFileType = wrapper.cfbundle; includeInIndex = 0; path = PlacesTests.xctest; sourceTree = BUILT_PRODUCTS_DIR; };
		7E54FE7418FF9392002E2AFC /* PlacesTests-Info.plist */ = {isa = PBXFileReference; lastKnownFileType = text.plist.xml; path = "PlacesTests-Info.plist"; sourceTree = "<group>"; };
		7E54FE7618FF9392002E2AFC /* en */ = {isa = PBXFileReference; lastKnownFileType = text.plist.strings; name = en; path = en.lproj/InfoPlist.strings; sourceTree = "<group>"; };
		7E54FE8518FF9450002E2AFC /* Places.xcdatamodel */ = {isa = PBXFileReference; lastKnownFileType = wrapper.xcdatamodel; path = Places.xcdatamodel; sourceTree = "<group>"; };
		7E54FE8F18FF9854002E2AFC /* _PLCPlace.h */ = {isa = PBXFileReference; fileEncoding = 4; lastKnownFileType = sourcecode.c.h; path = _PLCPlace.h; sourceTree = "<group>"; };
		7E54FE9018FF9854002E2AFC /* _PLCPlace.m */ = {isa = PBXFileReference; fileEncoding = 4; lastKnownFileType = sourcecode.c.objc; path = _PLCPlace.m; sourceTree = "<group>"; };
		7E54FE9218FF985A002E2AFC /* PLCPlace.h */ = {isa = PBXFileReference; fileEncoding = 4; lastKnownFileType = sourcecode.c.h; path = PLCPlace.h; sourceTree = "<group>"; };
		7E54FE9318FF985A002E2AFC /* PLCPlace.m */ = {isa = PBXFileReference; fileEncoding = 4; lastKnownFileType = sourcecode.c.objc; path = PLCPlace.m; sourceTree = "<group>"; };
		7E54FE9918FF9BC8002E2AFC /* PLCMapViewController.h */ = {isa = PBXFileReference; fileEncoding = 4; lastKnownFileType = sourcecode.c.h; path = PLCMapViewController.h; sourceTree = "<group>"; };
		7E54FE9A18FF9BC8002E2AFC /* PLCMapViewController.m */ = {isa = PBXFileReference; fileEncoding = 4; lastKnownFileType = sourcecode.c.objc; path = PLCMapViewController.m; sourceTree = "<group>"; };
		7E54FE9D18FF9E4C002E2AFC /* PLCDatabaseTests.m */ = {isa = PBXFileReference; fileEncoding = 4; lastKnownFileType = sourcecode.c.objc; path = PLCDatabaseTests.m; sourceTree = "<group>"; };
		7E54FEA018FFA0E7002E2AFC /* Places_phone.storyboard */ = {isa = PBXFileReference; fileEncoding = 4; lastKnownFileType = file.storyboard; path = Places_phone.storyboard; sourceTree = "<group>"; };
		7E54FEA218FFA0F3002E2AFC /* Places_pad.storyboard */ = {isa = PBXFileReference; fileEncoding = 4; lastKnownFileType = file.storyboard; path = Places_pad.storyboard; sourceTree = "<group>"; };
		7E54FEA718FFA3EE002E2AFC /* MapKit.framework */ = {isa = PBXFileReference; lastKnownFileType = wrapper.framework; name = MapKit.framework; path = System/Library/Frameworks/MapKit.framework; sourceTree = SDKROOT; };
		7E54FEAB18FFA94B002E2AFC /* PLCDatabase.h */ = {isa = PBXFileReference; fileEncoding = 4; lastKnownFileType = sourcecode.c.h; path = PLCDatabase.h; sourceTree = "<group>"; };
		7E54FEAC18FFA94B002E2AFC /* PLCDatabase.m */ = {isa = PBXFileReference; fileEncoding = 4; lastKnownFileType = sourcecode.c.objc; path = PLCDatabase.m; sourceTree = "<group>"; };
		7E54FEAD18FFA94B002E2AFC /* PLCManagedObject.h */ = {isa = PBXFileReference; fileEncoding = 4; lastKnownFileType = sourcecode.c.h; path = PLCManagedObject.h; sourceTree = "<group>"; };
		7E54FEAE18FFA94B002E2AFC /* PLCManagedObject.m */ = {isa = PBXFileReference; fileEncoding = 4; lastKnownFileType = sourcecode.c.objc; path = PLCManagedObject.m; sourceTree = "<group>"; };
		7EFFFB25190D64A900007FAF /* PLCCalloutTransitionContext.h */ = {isa = PBXFileReference; fileEncoding = 4; lastKnownFileType = sourcecode.c.h; path = PLCCalloutTransitionContext.h; sourceTree = "<group>"; };
		7EFFFB26190D64A900007FAF /* PLCCalloutTransitionContext.m */ = {isa = PBXFileReference; fileEncoding = 4; lastKnownFileType = sourcecode.c.objc; path = PLCCalloutTransitionContext.m; sourceTree = "<group>"; };
		845C02C4563B433E8903DF09 /* Pods-Places.xcconfig */ = {isa = PBXFileReference; includeInIndex = 1; lastKnownFileType = text.xcconfig; name = "Pods-Places.xcconfig"; path = "Pods/Pods-Places.xcconfig"; sourceTree = "<group>"; };
		A062BA0D19122FD9002F0C2E /* Glyphish.xcassets */ = {isa = PBXFileReference; lastKnownFileType = folder.assetcatalog; path = Glyphish.xcassets; sourceTree = "<group>"; };
		A062BA10191230B2002F0C2E /* PLCTemplateImageView.h */ = {isa = PBXFileReference; fileEncoding = 4; lastKnownFileType = sourcecode.c.h; path = PLCTemplateImageView.h; sourceTree = "<group>"; };
		A062BA11191230B2002F0C2E /* PLCTemplateImageView.m */ = {isa = PBXFileReference; fileEncoding = 4; lastKnownFileType = sourcecode.c.objc; path = PLCTemplateImageView.m; sourceTree = "<group>"; };
		A062BA13191233A1002F0C2E /* PLCTemplateButton.h */ = {isa = PBXFileReference; fileEncoding = 4; lastKnownFileType = sourcecode.c.h; path = PLCTemplateButton.h; sourceTree = "<group>"; };
		A062BA14191233A1002F0C2E /* PLCTemplateButton.m */ = {isa = PBXFileReference; fileEncoding = 4; lastKnownFileType = sourcecode.c.objc; path = PLCTemplateButton.m; sourceTree = "<group>"; };
		A0AEC2E3190CC482006D20DE /* _PLCPhoto.h */ = {isa = PBXFileReference; fileEncoding = 4; lastKnownFileType = sourcecode.c.h; path = _PLCPhoto.h; sourceTree = "<group>"; };
		A0AEC2E4190CC482006D20DE /* _PLCPhoto.m */ = {isa = PBXFileReference; fileEncoding = 4; lastKnownFileType = sourcecode.c.objc; path = _PLCPhoto.m; sourceTree = "<group>"; };
		A0AEC2E6190CC48D006D20DE /* PLCPhoto.h */ = {isa = PBXFileReference; fileEncoding = 4; lastKnownFileType = sourcecode.c.h; path = PLCPhoto.h; sourceTree = "<group>"; };
		A0AEC2E7190CC48D006D20DE /* PLCPhoto.m */ = {isa = PBXFileReference; fileEncoding = 4; lastKnownFileType = sourcecode.c.objc; path = PLCPhoto.m; sourceTree = "<group>"; };
		A0AEC2E9190CC4CE006D20DE /* PLCPhotoStore.h */ = {isa = PBXFileReference; fileEncoding = 4; lastKnownFileType = sourcecode.c.h; path = PLCPhotoStore.h; sourceTree = "<group>"; };
		A0AEC2EA190CC4CE006D20DE /* PLCPhotoStore.m */ = {isa = PBXFileReference; fileEncoding = 4; lastKnownFileType = sourcecode.c.objc; path = PLCPhotoStore.m; sourceTree = "<group>"; };
		A0F0531C19025E6300BD610C /* PLCCalloutViewController.h */ = {isa = PBXFileReference; fileEncoding = 4; lastKnownFileType = sourcecode.c.h; path = PLCCalloutViewController.h; sourceTree = "<group>"; };
		A0F0531D19025E6300BD610C /* PLCCalloutViewController.m */ = {isa = PBXFileReference; fileEncoding = 4; lastKnownFileType = sourcecode.c.objc; path = PLCCalloutViewController.m; sourceTree = "<group>"; };
		A0F0531F1903085800BD610C /* PLCMapView.h */ = {isa = PBXFileReference; fileEncoding = 4; lastKnownFileType = sourcecode.c.h; path = PLCMapView.h; sourceTree = "<group>"; };
		A0F053201903085800BD610C /* PLCMapView.m */ = {isa = PBXFileReference; fileEncoding = 4; lastKnownFileType = sourcecode.c.objc; path = PLCMapView.m; sourceTree = "<group>"; };
		A0FAFD2119008E60001A364D /* PLCPlaceStore.h */ = {isa = PBXFileReference; fileEncoding = 4; lastKnownFileType = sourcecode.c.h; path = PLCPlaceStore.h; sourceTree = "<group>"; };
		A0FAFD2219008E60001A364D /* PLCPlaceStore.m */ = {isa = PBXFileReference; fileEncoding = 4; lastKnownFileType = sourcecode.c.objc; path = PLCPlaceStore.m; sourceTree = "<group>"; };
		A0FAFD241901EEDC001A364D /* PLCPinAnnotationView.h */ = {isa = PBXFileReference; fileEncoding = 4; lastKnownFileType = sourcecode.c.h; path = PLCPinAnnotationView.h; sourceTree = "<group>"; };
		A0FAFD251901EEDC001A364D /* PLCPinAnnotationView.m */ = {isa = PBXFileReference; fileEncoding = 4; lastKnownFileType = sourcecode.c.objc; path = PLCPinAnnotationView.m; sourceTree = "<group>"; };
		A0FAFD28190236DD001A364D /* PLCShowPlaceViewController.h */ = {isa = PBXFileReference; fileEncoding = 4; lastKnownFileType = sourcecode.c.h; path = PLCShowPlaceViewController.h; sourceTree = "<group>"; };
		A0FAFD29190236DD001A364D /* PLCShowPlaceViewController.m */ = {isa = PBXFileReference; fileEncoding = 4; lastKnownFileType = sourcecode.c.objc; path = PLCShowPlaceViewController.m; sourceTree = "<group>"; };
		A0FAFD2B1902404D001A364D /* PLCCalloutView.h */ = {isa = PBXFileReference; fileEncoding = 4; lastKnownFileType = sourcecode.c.h; path = PLCCalloutView.h; sourceTree = "<group>"; };
		A0FAFD2C1902404D001A364D /* PLCCalloutView.m */ = {isa = PBXFileReference; fileEncoding = 4; lastKnownFileType = sourcecode.c.objc; path = PLCCalloutView.m; sourceTree = "<group>"; };
		A0FAFD2E19025820001A364D /* PLCEditPlaceViewController.h */ = {isa = PBXFileReference; fileEncoding = 4; lastKnownFileType = sourcecode.c.h; path = PLCEditPlaceViewController.h; sourceTree = "<group>"; };
		A0FAFD2F19025820001A364D /* PLCEditPlaceViewController.m */ = {isa = PBXFileReference; fileEncoding = 4; lastKnownFileType = sourcecode.c.objc; path = PLCEditPlaceViewController.m; sourceTree = "<group>"; };
		B14D2510F5C344D19157C783 /* libPods-Places.a */ = {isa = PBXFileReference; explicitFileType = archive.ar; includeInIndex = 0; path = "libPods-Places.a"; sourceTree = BUILT_PRODUCTS_DIR; };
/* End PBXFileReference section */

/* Begin PBXFrameworksBuildPhase section */
		7E54FE6818FF9392002E2AFC /* Frameworks */ = {
			isa = PBXFrameworksBuildPhase;
			buildActionMask = 2147483647;
			files = (
			);
			runOnlyForDeploymentPostprocessing = 0;
		};
		7E54FEA418FFA3DB002E2AFC /* Frameworks */ = {
			isa = PBXFrameworksBuildPhase;
			buildActionMask = 2147483647;
			files = (
				7E54FEA818FFA3EE002E2AFC /* MapKit.framework in Frameworks */,
				679241F87CA4405E83424918 /* libPods-Places.a in Frameworks */,
			);
			runOnlyForDeploymentPostprocessing = 0;
		};
/* End PBXFrameworksBuildPhase section */

/* Begin PBXGroup section */
		7E54FE4718FF9392002E2AFC = {
			isa = PBXGroup;
			children = (
				7E54FE5918FF9392002E2AFC /* Places */,
				7E54FE7218FF9392002E2AFC /* PlacesTests */,
				7E54FEA918FFA403002E2AFC /* Frameworks */,
				7E54FE5118FF9392002E2AFC /* Products */,
				845C02C4563B433E8903DF09 /* Pods-Places.xcconfig */,
			);
			sourceTree = "<group>";
		};
		7E54FE5118FF9392002E2AFC /* Products */ = {
			isa = PBXGroup;
			children = (
				7E54FE5018FF9392002E2AFC /* Places.app */,
				7E54FE6B18FF9392002E2AFC /* PlacesTests.xctest */,
			);
			name = Products;
			sourceTree = "<group>";
		};
		7E54FE5918FF9392002E2AFC /* Places */ = {
			isa = PBXGroup;
			children = (
				7E54FE8218FF93FE002E2AFC /* Application */,
				7E54FE8318FF9404002E2AFC /* Model */,
				7E54FEAA18FFA914002E2AFC /* Model Support */,
				7E54FE9818FF9BB9002E2AFC /* View Controllers */,
				A0FAFD27190236A2001A364D /* Views */,
				A062BA0F19123047002F0C2E /* Utilities */,
				7E54FE9C18FF9BD1002E2AFC /* Resources */,
				7E54FE5A18FF9392002E2AFC /* Supporting Files */,
			);
			path = Places;
			sourceTree = "<group>";
		};
		7E54FE5A18FF9392002E2AFC /* Supporting Files */ = {
			isa = PBXGroup;
			children = (
				7E54FE5B18FF9392002E2AFC /* Places-Info.plist */,
				7E54FE5C18FF9392002E2AFC /* InfoPlist.strings */,
				7E54FE5F18FF9392002E2AFC /* main.m */,
				7E54FE6118FF9392002E2AFC /* Places-Prefix.pch */,
			);
			name = "Supporting Files";
			sourceTree = "<group>";
		};
		7E54FE7218FF9392002E2AFC /* PlacesTests */ = {
			isa = PBXGroup;
			children = (
				7E54FE9D18FF9E4C002E2AFC /* PLCDatabaseTests.m */,
				7E54FE7318FF9392002E2AFC /* Supporting Files */,
			);
			path = PlacesTests;
			sourceTree = "<group>";
		};
		7E54FE7318FF9392002E2AFC /* Supporting Files */ = {
			isa = PBXGroup;
			children = (
				7E54FE7418FF9392002E2AFC /* PlacesTests-Info.plist */,
				7E54FE7518FF9392002E2AFC /* InfoPlist.strings */,
			);
			name = "Supporting Files";
			sourceTree = "<group>";
		};
		7E54FE8218FF93FE002E2AFC /* Application */ = {
			isa = PBXGroup;
			children = (
				7E54FE6218FF9392002E2AFC /* PLCAppDelegate.h */,
				7E54FE6318FF9392002E2AFC /* PLCAppDelegate.m */,
				7E54FEA018FFA0E7002E2AFC /* Places_phone.storyboard */,
				7E54FEA218FFA0F3002E2AFC /* Places_pad.storyboard */,
			);
			name = Application;
			sourceTree = "<group>";
		};
		7E54FE8318FF9404002E2AFC /* Model */ = {
			isa = PBXGroup;
			children = (
				7E54FE8E18FF9854002E2AFC /* Generated */,
				7E54FE8418FF9450002E2AFC /* Places.xcdatamodeld */,
				7E54FE9218FF985A002E2AFC /* PLCPlace.h */,
				7E54FE9318FF985A002E2AFC /* PLCPlace.m */,
				A0AEC2E6190CC48D006D20DE /* PLCPhoto.h */,
				A0AEC2E7190CC48D006D20DE /* PLCPhoto.m */,
			);
			path = Model;
			sourceTree = "<group>";
		};
		7E54FE8E18FF9854002E2AFC /* Generated */ = {
			isa = PBXGroup;
			children = (
				A0AEC2E3190CC482006D20DE /* _PLCPhoto.h */,
				A0AEC2E4190CC482006D20DE /* _PLCPhoto.m */,
				7E54FE8F18FF9854002E2AFC /* _PLCPlace.h */,
				7E54FE9018FF9854002E2AFC /* _PLCPlace.m */,
			);
			path = Generated;
			sourceTree = "<group>";
		};
		7E54FE9818FF9BB9002E2AFC /* View Controllers */ = {
			isa = PBXGroup;
			children = (
				7E54FE9918FF9BC8002E2AFC /* PLCMapViewController.h */,
				7E54FE9A18FF9BC8002E2AFC /* PLCMapViewController.m */,
				7E42B24A190C6A6C00F9A21E /* PLCCalloutTransitionAnimator.h */,
				7E42B24B190C6A6C00F9A21E /* PLCCalloutTransitionAnimator.m */,
				7EFFFB25190D64A900007FAF /* PLCCalloutTransitionContext.h */,
				7EFFFB26190D64A900007FAF /* PLCCalloutTransitionContext.m */,
				A0FAFD28190236DD001A364D /* PLCShowPlaceViewController.h */,
				A0FAFD29190236DD001A364D /* PLCShowPlaceViewController.m */,
				A0FAFD2E19025820001A364D /* PLCEditPlaceViewController.h */,
				A0FAFD2F19025820001A364D /* PLCEditPlaceViewController.m */,
				A0F0531C19025E6300BD610C /* PLCCalloutViewController.h */,
				A0F0531D19025E6300BD610C /* PLCCalloutViewController.m */,
			);
			name = "View Controllers";
			sourceTree = "<group>";
		};
		7E54FE9C18FF9BD1002E2AFC /* Resources */ = {
			isa = PBXGroup;
			children = (
				7E54FE6518FF9392002E2AFC /* Images.xcassets */,
				A062BA0D19122FD9002F0C2E /* Glyphish.xcassets */,
			);
			name = Resources;
			sourceTree = "<group>";
		};
		7E54FEA918FFA403002E2AFC /* Frameworks */ = {
			isa = PBXGroup;
			children = (
				7E54FEA718FFA3EE002E2AFC /* MapKit.framework */,
				B14D2510F5C344D19157C783 /* libPods-Places.a */,
			);
			name = Frameworks;
			sourceTree = "<group>";
		};
		7E54FEAA18FFA914002E2AFC /* Model Support */ = {
			isa = PBXGroup;
			children = (
				7E54FEAB18FFA94B002E2AFC /* PLCDatabase.h */,
				7E54FEAC18FFA94B002E2AFC /* PLCDatabase.m */,
				7E54FEAD18FFA94B002E2AFC /* PLCManagedObject.h */,
				7E54FEAE18FFA94B002E2AFC /* PLCManagedObject.m */,
				A0FAFD2119008E60001A364D /* PLCPlaceStore.h */,
				A0FAFD2219008E60001A364D /* PLCPlaceStore.m */,
				A0AEC2E9190CC4CE006D20DE /* PLCPhotoStore.h */,
				A0AEC2EA190CC4CE006D20DE /* PLCPhotoStore.m */,
			);
			name = "Model Support";
			sourceTree = "<group>";
		};
		A062BA0F19123047002F0C2E /* Utilities */ = {
			isa = PBXGroup;
			children = (
				A062BA10191230B2002F0C2E /* PLCTemplateImageView.h */,
				A062BA11191230B2002F0C2E /* PLCTemplateImageView.m */,
				A062BA13191233A1002F0C2E /* PLCTemplateButton.h */,
				A062BA14191233A1002F0C2E /* PLCTemplateButton.m */,
			);
			name = Utilities;
			sourceTree = "<group>";
		};
		A0FAFD27190236A2001A364D /* Views */ = {
			isa = PBXGroup;
			children = (
				A0FAFD241901EEDC001A364D /* PLCPinAnnotationView.h */,
				A0FAFD251901EEDC001A364D /* PLCPinAnnotationView.m */,
				A0FAFD2B1902404D001A364D /* PLCCalloutView.h */,
				A0FAFD2C1902404D001A364D /* PLCCalloutView.m */,
				A0F0531F1903085800BD610C /* PLCMapView.h */,
				A0F053201903085800BD610C /* PLCMapView.m */,
			);
			name = Views;
			sourceTree = "<group>";
		};
/* End PBXGroup section */

/* Begin PBXNativeTarget section */
		7E54FE4F18FF9392002E2AFC /* Places */ = {
			isa = PBXNativeTarget;
			buildConfigurationList = 7E54FE7C18FF9392002E2AFC /* Build configuration list for PBXNativeTarget "Places" */;
			buildPhases = (
				80CEF4B782E04E9D9695DA0B /* Check Pods Manifest.lock */,
				7E54FE8718FF9495002E2AFC /* ShellScript */,
				7E54FE4C18FF9392002E2AFC /* Sources */,
				7E54FEA418FFA3DB002E2AFC /* Frameworks */,
				7E54FE4E18FF9392002E2AFC /* Resources */,
				003BA13836254720A609605A /* Copy Pods Resources */,
			);
			buildRules = (
			);
			dependencies = (
			);
			name = Places;
			productName = Places;
			productReference = 7E54FE5018FF9392002E2AFC /* Places.app */;
			productType = "com.apple.product-type.application";
		};
		7E54FE6A18FF9392002E2AFC /* PlacesTests */ = {
			isa = PBXNativeTarget;
			buildConfigurationList = 7E54FE7F18FF9392002E2AFC /* Build configuration list for PBXNativeTarget "PlacesTests" */;
			buildPhases = (
				7E54FE6718FF9392002E2AFC /* Sources */,
				7E54FE6818FF9392002E2AFC /* Frameworks */,
				7E54FE6918FF9392002E2AFC /* Resources */,
			);
			buildRules = (
			);
			dependencies = (
				7E54FE7118FF9392002E2AFC /* PBXTargetDependency */,
			);
			name = PlacesTests;
			productName = PlacesTests;
			productReference = 7E54FE6B18FF9392002E2AFC /* PlacesTests.xctest */;
			productType = "com.apple.product-type.bundle.unit-test";
		};
/* End PBXNativeTarget section */

/* Begin PBXProject section */
		7E54FE4818FF9392002E2AFC /* Project object */ = {
			isa = PBXProject;
			attributes = {
				CLASSPREFIX = PLC;
				LastUpgradeCheck = 0510;
				ORGANIZATIONNAME = Places;
				TargetAttributes = {
					7E54FE6A18FF9392002E2AFC = {
						TestTargetID = 7E54FE4F18FF9392002E2AFC;
					};
				};
			};
			buildConfigurationList = 7E54FE4B18FF9392002E2AFC /* Build configuration list for PBXProject "Places" */;
			compatibilityVersion = "Xcode 3.2";
			developmentRegion = English;
			hasScannedForEncodings = 0;
			knownRegions = (
				en,
			);
			mainGroup = 7E54FE4718FF9392002E2AFC;
			productRefGroup = 7E54FE5118FF9392002E2AFC /* Products */;
			projectDirPath = "";
			projectRoot = "";
			targets = (
				7E54FE4F18FF9392002E2AFC /* Places */,
				7E54FE6A18FF9392002E2AFC /* PlacesTests */,
			);
		};
/* End PBXProject section */

/* Begin PBXResourcesBuildPhase section */
		7E54FE4E18FF9392002E2AFC /* Resources */ = {
			isa = PBXResourcesBuildPhase;
			buildActionMask = 2147483647;
			files = (
				7E54FEA318FFA0F3002E2AFC /* Places_pad.storyboard in Resources */,
				7E54FE5E18FF9392002E2AFC /* InfoPlist.strings in Resources */,
				7E54FE6618FF9392002E2AFC /* Images.xcassets in Resources */,
				7E54FEA118FFA0E7002E2AFC /* Places_phone.storyboard in Resources */,
				A062BA0E19122FD9002F0C2E /* Glyphish.xcassets in Resources */,
			);
			runOnlyForDeploymentPostprocessing = 0;
		};
		7E54FE6918FF9392002E2AFC /* Resources */ = {
			isa = PBXResourcesBuildPhase;
			buildActionMask = 2147483647;
			files = (
				7E54FE9F18FF9FA5002E2AFC /* Places.xcdatamodeld in Resources */,
				7E54FE7718FF9392002E2AFC /* InfoPlist.strings in Resources */,
			);
			runOnlyForDeploymentPostprocessing = 0;
		};
/* End PBXResourcesBuildPhase section */

/* Begin PBXShellScriptBuildPhase section */
		003BA13836254720A609605A /* Copy Pods Resources */ = {
			isa = PBXShellScriptBuildPhase;
			buildActionMask = 2147483647;
			files = (
			);
			inputPaths = (
			);
			name = "Copy Pods Resources";
			outputPaths = (
			);
			runOnlyForDeploymentPostprocessing = 0;
			shellPath = /bin/sh;
			shellScript = "\"${SRCROOT}/Pods/Pods-Places-resources.sh\"\n";
			showEnvVarsInLog = 0;
		};
		7E54FE8718FF9495002E2AFC /* ShellScript */ = {
			isa = PBXShellScriptBuildPhase;
			buildActionMask = 2147483647;
			files = (
			);
			inputPaths = (
			);
			outputPaths = (
			);
			runOnlyForDeploymentPostprocessing = 0;
			shellPath = /bin/sh;
			shellScript = "sh \"${SRCROOT}/Scripts/GenerateModelClasses.sh\"";
		};
		80CEF4B782E04E9D9695DA0B /* Check Pods Manifest.lock */ = {
			isa = PBXShellScriptBuildPhase;
			buildActionMask = 2147483647;
			files = (
			);
			inputPaths = (
			);
			name = "Check Pods Manifest.lock";
			outputPaths = (
			);
			runOnlyForDeploymentPostprocessing = 0;
			shellPath = /bin/sh;
			shellScript = "diff \"${PODS_ROOT}/../Podfile.lock\" \"${PODS_ROOT}/Manifest.lock\" > /dev/null\nif [[ $? != 0 ]] ; then\n    cat << EOM\nerror: The sandbox is not in sync with the Podfile.lock. Run 'pod install' or update your CocoaPods installation.\nEOM\n    exit 1\nfi\n";
			showEnvVarsInLog = 0;
		};
/* End PBXShellScriptBuildPhase section */

/* Begin PBXSourcesBuildPhase section */
		7E54FE4C18FF9392002E2AFC /* Sources */ = {
			isa = PBXSourcesBuildPhase;
			buildActionMask = 2147483647;
			files = (
				A0FAFD2A190236DD001A364D /* PLCShowPlaceViewController.m in Sources */,
				A0FAFD2319008E60001A364D /* PLCPlaceStore.m in Sources */,
				7E42B24C190C6A6C00F9A21E /* PLCCalloutTransitionAnimator.m in Sources */,
				A062BA15191233A1002F0C2E /* PLCTemplateButton.m in Sources */,
				7E54FEB018FFA94B002E2AFC /* PLCManagedObject.m in Sources */,
				A0AEC2E8190CC48D006D20DE /* PLCPhoto.m in Sources */,
				A0F053211903085800BD610C /* PLCMapView.m in Sources */,
				7E54FE9118FF9854002E2AFC /* _PLCPlace.m in Sources */,
				7E54FE6418FF9392002E2AFC /* PLCAppDelegate.m in Sources */,
				A0F0531E19025E6300BD610C /* PLCCalloutViewController.m in Sources */,
				7E54FE9418FF985A002E2AFC /* PLCPlace.m in Sources */,
				7E54FE6018FF9392002E2AFC /* main.m in Sources */,
				A062BA12191230B2002F0C2E /* PLCTemplateImageView.m in Sources */,
				A0FAFD3019025820001A364D /* PLCEditPlaceViewController.m in Sources */,
				7E54FE9B18FF9BC8002E2AFC /* PLCMapViewController.m in Sources */,
				A0AEC2EB190CC4CE006D20DE /* PLCPhotoStore.m in Sources */,
				A0FAFD261901EEDC001A364D /* PLCPinAnnotationView.m in Sources */,
				A0FAFD2D1902404D001A364D /* PLCCalloutView.m in Sources */,
				7E54FEAF18FFA94B002E2AFC /* PLCDatabase.m in Sources */,
				A0AEC2E5190CC482006D20DE /* _PLCPhoto.m in Sources */,
				7EFFFB27190D64A900007FAF /* PLCCalloutTransitionContext.m in Sources */,
				7E54FE8618FF9450002E2AFC /* Places.xcdatamodeld in Sources */,
			);
			runOnlyForDeploymentPostprocessing = 0;
		};
		7E54FE6718FF9392002E2AFC /* Sources */ = {
			isa = PBXSourcesBuildPhase;
			buildActionMask = 2147483647;
			files = (
				7E54FE9E18FF9E4C002E2AFC /* PLCDatabaseTests.m in Sources */,
			);
			runOnlyForDeploymentPostprocessing = 0;
		};
/* End PBXSourcesBuildPhase section */

/* Begin PBXTargetDependency section */
		7E54FE7118FF9392002E2AFC /* PBXTargetDependency */ = {
			isa = PBXTargetDependency;
			target = 7E54FE4F18FF9392002E2AFC /* Places */;
			targetProxy = 7E54FE7018FF9392002E2AFC /* PBXContainerItemProxy */;
		};
/* End PBXTargetDependency section */

/* Begin PBXVariantGroup section */
		7E54FE5C18FF9392002E2AFC /* InfoPlist.strings */ = {
			isa = PBXVariantGroup;
			children = (
				7E54FE5D18FF9392002E2AFC /* en */,
			);
			name = InfoPlist.strings;
			sourceTree = "<group>";
		};
		7E54FE7518FF9392002E2AFC /* InfoPlist.strings */ = {
			isa = PBXVariantGroup;
			children = (
				7E54FE7618FF9392002E2AFC /* en */,
			);
			name = InfoPlist.strings;
			sourceTree = "<group>";
		};
/* End PBXVariantGroup section */

/* Begin XCBuildConfiguration section */
		7E54FE7A18FF9392002E2AFC /* Debug */ = {
			isa = XCBuildConfiguration;
			buildSettings = {
				ALWAYS_SEARCH_USER_PATHS = NO;
				CLANG_CXX_LANGUAGE_STANDARD = "gnu++0x";
				CLANG_CXX_LIBRARY = "libc++";
				CLANG_ENABLE_MODULES = YES;
				CLANG_ENABLE_OBJC_ARC = YES;
				CLANG_WARN_BOOL_CONVERSION = YES;
				CLANG_WARN_CONSTANT_CONVERSION = YES;
				CLANG_WARN_DEPRECATED_OBJC_IMPLEMENTATIONS = YES;
				CLANG_WARN_DIRECT_OBJC_ISA_USAGE = YES_ERROR;
				CLANG_WARN_EMPTY_BODY = YES;
				CLANG_WARN_ENUM_CONVERSION = YES;
				CLANG_WARN_IMPLICIT_SIGN_CONVERSION = YES;
				CLANG_WARN_INT_CONVERSION = YES;
				CLANG_WARN_OBJC_IMPLICIT_ATOMIC_PROPERTIES = YES;
				CLANG_WARN_OBJC_IMPLICIT_RETAIN_SELF = YES;
				CLANG_WARN_OBJC_ROOT_CLASS = YES_ERROR;
				CLANG_WARN_SUSPICIOUS_IMPLICIT_CONVERSION = YES;
				CLANG_WARN__DUPLICATE_METHOD_MATCH = YES;
				"CODE_SIGN_IDENTITY[sdk=iphoneos*]" = "iPhone Developer";
				COPY_PHASE_STRIP = NO;
				GCC_C_LANGUAGE_STANDARD = gnu99;
				GCC_DYNAMIC_NO_PIC = NO;
				GCC_OPTIMIZATION_LEVEL = 0;
				GCC_PREPROCESSOR_DEFINITIONS = (
					"DEBUG=1",
					"$(inherited)",
				);
				GCC_SYMBOLS_PRIVATE_EXTERN = NO;
				GCC_WARN_64_TO_32_BIT_CONVERSION = YES;
				GCC_WARN_ABOUT_MISSING_NEWLINE = YES;
				GCC_WARN_ABOUT_MISSING_PROTOTYPES = YES;
				GCC_WARN_ABOUT_RETURN_TYPE = YES_ERROR;
				GCC_WARN_STRICT_SELECTOR_MATCH = YES;
				GCC_WARN_UNDECLARED_SELECTOR = YES;
				GCC_WARN_UNINITIALIZED_AUTOS = YES_AGGRESSIVE;
				GCC_WARN_UNKNOWN_PRAGMAS = YES;
				GCC_WARN_UNUSED_FUNCTION = YES;
				GCC_WARN_UNUSED_LABEL = YES;
				GCC_WARN_UNUSED_VARIABLE = YES;
				IPHONEOS_DEPLOYMENT_TARGET = 7.1;
				ONLY_ACTIVE_ARCH = YES;
				SDKROOT = iphoneos;
				TARGETED_DEVICE_FAMILY = "1,2";
			};
			name = Debug;
		};
		7E54FE7B18FF9392002E2AFC /* Release */ = {
			isa = XCBuildConfiguration;
			buildSettings = {
				ALWAYS_SEARCH_USER_PATHS = NO;
				CLANG_CXX_LANGUAGE_STANDARD = "gnu++0x";
				CLANG_CXX_LIBRARY = "libc++";
				CLANG_ENABLE_MODULES = YES;
				CLANG_ENABLE_OBJC_ARC = YES;
				CLANG_WARN_BOOL_CONVERSION = YES;
				CLANG_WARN_CONSTANT_CONVERSION = YES;
				CLANG_WARN_DEPRECATED_OBJC_IMPLEMENTATIONS = YES;
				CLANG_WARN_DIRECT_OBJC_ISA_USAGE = YES_ERROR;
				CLANG_WARN_EMPTY_BODY = YES;
				CLANG_WARN_ENUM_CONVERSION = YES;
				CLANG_WARN_IMPLICIT_SIGN_CONVERSION = YES;
				CLANG_WARN_INT_CONVERSION = YES;
				CLANG_WARN_OBJC_IMPLICIT_ATOMIC_PROPERTIES = YES;
				CLANG_WARN_OBJC_IMPLICIT_RETAIN_SELF = YES;
				CLANG_WARN_OBJC_ROOT_CLASS = YES_ERROR;
				CLANG_WARN_SUSPICIOUS_IMPLICIT_CONVERSION = YES;
				CLANG_WARN__DUPLICATE_METHOD_MATCH = YES;
				"CODE_SIGN_IDENTITY[sdk=iphoneos*]" = "iPhone Developer";
				COPY_PHASE_STRIP = YES;
				ENABLE_NS_ASSERTIONS = NO;
				GCC_C_LANGUAGE_STANDARD = gnu99;
				GCC_WARN_64_TO_32_BIT_CONVERSION = YES;
				GCC_WARN_ABOUT_MISSING_NEWLINE = YES;
				GCC_WARN_ABOUT_MISSING_PROTOTYPES = YES;
				GCC_WARN_ABOUT_RETURN_TYPE = YES_ERROR;
				GCC_WARN_STRICT_SELECTOR_MATCH = YES;
				GCC_WARN_UNDECLARED_SELECTOR = YES;
				GCC_WARN_UNINITIALIZED_AUTOS = YES_AGGRESSIVE;
				GCC_WARN_UNKNOWN_PRAGMAS = YES;
				GCC_WARN_UNUSED_FUNCTION = YES;
				GCC_WARN_UNUSED_LABEL = YES;
				GCC_WARN_UNUSED_VARIABLE = YES;
				IPHONEOS_DEPLOYMENT_TARGET = 7.1;
				SDKROOT = iphoneos;
				TARGETED_DEVICE_FAMILY = "1,2";
				VALIDATE_PRODUCT = YES;
			};
			name = Release;
		};
		7E54FE7D18FF9392002E2AFC /* Debug */ = {
			isa = XCBuildConfiguration;
			baseConfigurationReference = 845C02C4563B433E8903DF09 /* Pods-Places.xcconfig */;
			buildSettings = {
				ASSETCATALOG_COMPILER_APPICON_NAME = AppIcon;
				ASSETCATALOG_COMPILER_LAUNCHIMAGE_NAME = LaunchImage;
				GCC_PRECOMPILE_PREFIX_HEADER = YES;
				GCC_PREFIX_HEADER = "Places/Places-Prefix.pch";
				INFOPLIST_FILE = "Places/Places-Info.plist";
				IPHONEOS_DEPLOYMENT_TARGET = 7.0;
				PRODUCT_NAME = "$(TARGET_NAME)";
				WRAPPER_EXTENSION = app;
			};
			name = Debug;
		};
		7E54FE7E18FF9392002E2AFC /* Release */ = {
			isa = XCBuildConfiguration;
			baseConfigurationReference = 845C02C4563B433E8903DF09 /* Pods-Places.xcconfig */;
			buildSettings = {
				ASSETCATALOG_COMPILER_APPICON_NAME = AppIcon;
				ASSETCATALOG_COMPILER_LAUNCHIMAGE_NAME = LaunchImage;
				GCC_PRECOMPILE_PREFIX_HEADER = YES;
				GCC_PREFIX_HEADER = "Places/Places-Prefix.pch";
				INFOPLIST_FILE = "Places/Places-Info.plist";
				IPHONEOS_DEPLOYMENT_TARGET = 7.0;
				PRODUCT_NAME = "$(TARGET_NAME)";
				WRAPPER_EXTENSION = app;
			};
			name = Release;
		};
		7E54FE8018FF9392002E2AFC /* Debug */ = {
			isa = XCBuildConfiguration;
			buildSettings = {
				BUNDLE_LOADER = "$(BUILT_PRODUCTS_DIR)/Places.app/Places";
				FRAMEWORK_SEARCH_PATHS = (
					"$(SDKROOT)/Developer/Library/Frameworks",
					"$(inherited)",
					"$(DEVELOPER_FRAMEWORKS_DIR)",
				);
				GCC_PRECOMPILE_PREFIX_HEADER = YES;
				GCC_PREFIX_HEADER = "Places/Places-Prefix.pch";
				GCC_PREPROCESSOR_DEFINITIONS = (
					"DEBUG=1",
					"$(inherited)",
				);
				INFOPLIST_FILE = "PlacesTests/PlacesTests-Info.plist";
				PRODUCT_NAME = "$(TARGET_NAME)";
				TEST_HOST = "$(BUNDLE_LOADER)";
				WRAPPER_EXTENSION = xctest;
			};
			name = Debug;
		};
		7E54FE8118FF9392002E2AFC /* Release */ = {
			isa = XCBuildConfiguration;
			buildSettings = {
				BUNDLE_LOADER = "$(BUILT_PRODUCTS_DIR)/Places.app/Places";
				FRAMEWORK_SEARCH_PATHS = (
					"$(SDKROOT)/Developer/Library/Frameworks",
					"$(inherited)",
					"$(DEVELOPER_FRAMEWORKS_DIR)",
				);
				GCC_PRECOMPILE_PREFIX_HEADER = YES;
				GCC_PREFIX_HEADER = "Places/Places-Prefix.pch";
				INFOPLIST_FILE = "PlacesTests/PlacesTests-Info.plist";
				PRODUCT_NAME = "$(TARGET_NAME)";
				TEST_HOST = "$(BUNDLE_LOADER)";
				WRAPPER_EXTENSION = xctest;
			};
			name = Release;
		};
/* End XCBuildConfiguration section */

/* Begin XCConfigurationList section */
		7E54FE4B18FF9392002E2AFC /* Build configuration list for PBXProject "Places" */ = {
			isa = XCConfigurationList;
			buildConfigurations = (
				7E54FE7A18FF9392002E2AFC /* Debug */,
				7E54FE7B18FF9392002E2AFC /* Release */,
			);
			defaultConfigurationIsVisible = 0;
			defaultConfigurationName = Release;
		};
		7E54FE7C18FF9392002E2AFC /* Build configuration list for PBXNativeTarget "Places" */ = {
			isa = XCConfigurationList;
			buildConfigurations = (
				7E54FE7D18FF9392002E2AFC /* Debug */,
				7E54FE7E18FF9392002E2AFC /* Release */,
			);
			defaultConfigurationIsVisible = 0;
			defaultConfigurationName = Release;
		};
		7E54FE7F18FF9392002E2AFC /* Build configuration list for PBXNativeTarget "PlacesTests" */ = {
			isa = XCConfigurationList;
			buildConfigurations = (
				7E54FE8018FF9392002E2AFC /* Debug */,
				7E54FE8118FF9392002E2AFC /* Release */,
			);
			defaultConfigurationIsVisible = 0;
			defaultConfigurationName = Release;
		};
/* End XCConfigurationList section */

/* Begin XCVersionGroup section */
		7E54FE8418FF9450002E2AFC /* Places.xcdatamodeld */ = {
			isa = XCVersionGroup;
			children = (
				7E54FE8518FF9450002E2AFC /* Places.xcdatamodel */,
			);
			currentVersion = 7E54FE8518FF9450002E2AFC /* Places.xcdatamodel */;
			path = Places.xcdatamodeld;
			sourceTree = "<group>";
			versionGroupType = wrapper.xcdatamodel;
		};
/* End XCVersionGroup section */
	};
	rootObject = 7E54FE4818FF9392002E2AFC /* Project object */;
}
